// !$*UTF8*$!
{
	archiveVersion = 1;
	classes = {
	};
	objectVersion = 50;
	objects = {

/* Begin PBXBuildFile section */
		CCE36EC9243E4DEC0057976E /* AppDelegate.swift in Sources */ = {isa = PBXBuildFile; fileRef = CCE36EC8243E4DEC0057976E /* AppDelegate.swift */; };
		CCE36ECB243E4DEC0057976E /* SceneDelegate.swift in Sources */ = {isa = PBXBuildFile; fileRef = CCE36ECA243E4DEC0057976E /* SceneDelegate.swift */; };
		CCE36ECD243E4DEC0057976E /* ViewController.swift in Sources */ = {isa = PBXBuildFile; fileRef = CCE36ECC243E4DEC0057976E /* ViewController.swift */; };
		CCE36ED0243E4DEC0057976E /* Main.storyboard in Resources */ = {isa = PBXBuildFile; fileRef = CCE36ECE243E4DEC0057976E /* Main.storyboard */; };
		CCE36ED2243E4DED0057976E /* Assets.xcassets in Resources */ = {isa = PBXBuildFile; fileRef = CCE36ED1243E4DED0057976E /* Assets.xcassets */; };
		CCE36ED5243E4DED0057976E /* LaunchScreen.storyboard in Resources */ = {isa = PBXBuildFile; fileRef = CCE36ED3243E4DED0057976E /* LaunchScreen.storyboard */; };
/* End PBXBuildFile section */

/* Begin PBXFileReference section */
		CCE36EC5243E4DEC0057976E /* GradingSystem.app */ = {isa = PBXFileReference; explicitFileType = wrapper.application; includeInIndex = 0; path = GradingSystem.app; sourceTree = BUILT_PRODUCTS_DIR; };
		CCE36EC8243E4DEC0057976E /* AppDelegate.swift */ = {isa = PBXFileReference; lastKnownFileType = sourcecode.swift; path = AppDelegate.swift; sourceTree = "<group>"; };
		CCE36ECA243E4DEC0057976E /* SceneDelegate.swift */ = {isa = PBXFileReference; lastKnownFileType = sourcecode.swift; path = SceneDelegate.swift; sourceTree = "<group>"; };
		CCE36ECC243E4DEC0057976E /* ViewController.swift */ = {isa = PBXFileReference; lastKnownFileType = sourcecode.swift; path = ViewController.swift; sourceTree = "<group>"; };
		CCE36ECF243E4DEC0057976E /* Base */ = {isa = PBXFileReference; lastKnownFileType = file.storyboard; name = Base; path = Base.lproj/Main.storyboard; sourceTree = "<group>"; };
		CCE36ED1243E4DED0057976E /* Assets.xcassets */ = {isa = PBXFileReference; lastKnownFileType = folder.assetcatalog; path = Assets.xcassets; sourceTree = "<group>"; };
		CCE36ED4243E4DED0057976E /* Base */ = {isa = PBXFileReference; lastKnownFileType = file.storyboard; name = Base; path = Base.lproj/LaunchScreen.storyboard; sourceTree = "<group>"; };
		CCE36ED6243E4DED0057976E /* Info.plist */ = {isa = PBXFileReference; lastKnownFileType = text.plist.xml; path = Info.plist; sourceTree = "<group>"; };
/* End PBXFileReference section */

/* Begin PBXFrameworksBuildPhase section */
		CCE36EC2243E4DEC0057976E /* Frameworks */ = {
			isa = PBXFrameworksBuildPhase;
			buildActionMask = 2147483647;
			files = (
			);
			runOnlyForDeploymentPostprocessing = 0;
		};
/* End PBXFrameworksBuildPhase section */

/* Begin PBXGroup section */
		CCE36EBC243E4DEC0057976E = {
			isa = PBXGroup;
			children = (
				CCE36EC7243E4DEC0057976E /* GradingSystem */,
				CCE36EC6243E4DEC0057976E /* Products */,
			);
			sourceTree = "<group>";
		};
		CCE36EC6243E4DEC0057976E /* Products */ = {
			isa = PBXGroup;
			children = (
				CCE36EC5243E4DEC0057976E /* GradingSystem.app */,
			);
			name = Products;
			sourceTree = "<group>";
		};
		CCE36EC7243E4DEC0057976E /* GradingSystem */ = {
			isa = PBXGroup;
			children = (
				CCE36EC8243E4DEC0057976E /* AppDelegate.swift */,
				CCE36ECA243E4DEC0057976E /* SceneDelegate.swift */,
				CCE36ECC243E4DEC0057976E /* ViewController.swift */,
				CCE36ECE243E4DEC0057976E /* Main.storyboard */,
				CCE36ED1243E4DED0057976E /* Assets.xcassets */,
				CCE36ED3243E4DED0057976E /* LaunchScreen.storyboard */,
				CCE36ED6243E4DED0057976E /* Info.plist */,
			);
			path = GradingSystem;
			sourceTree = "<group>";
		};
/* End PBXGroup section */

/* Begin PBXNativeTarget section */
		CCE36EC4243E4DEC0057976E /* GradingSystem */ = {
			isa = PBXNativeTarget;
			buildConfigurationList = CCE36ED9243E4DED0057976E /* Build configuration list for PBXNativeTarget "GradingSystem" */;
			buildPhases = (
				CCE36EC1243E4DEC0057976E /* Sources */,
				CCE36EC2243E4DEC0057976E /* Frameworks */,
				CCE36EC3243E4DEC0057976E /* Resources */,
			);
			buildRules = (
			);
			dependencies = (
			);
			name = GradingSystem;
			productName = GradingSystem;
			productReference = CCE36EC5243E4DEC0057976E /* GradingSystem.app */;
			productType = "com.apple.product-type.application";
		};
/* End PBXNativeTarget section */

/* Begin PBXProject section */
		CCE36EBD243E4DEC0057976E /* Project object */ = {
			isa = PBXProject;
			attributes = {
				LastSwiftUpdateCheck = 1140;
				LastUpgradeCheck = 1140;
				ORGANIZATIONNAME = "CUNY Borough of Manhattan Community College";
				TargetAttributes = {
					CCE36EC4243E4DEC0057976E = {
						CreatedOnToolsVersion = 11.4;
					};
				};
			};
			buildConfigurationList = CCE36EC0243E4DEC0057976E /* Build configuration list for PBXProject "GradingSystem" */;
			compatibilityVersion = "Xcode 9.3";
			developmentRegion = en;
			hasScannedForEncodings = 0;
			knownRegions = (
				en,
				Base,
			);
			mainGroup = CCE36EBC243E4DEC0057976E;
			productRefGroup = CCE36EC6243E4DEC0057976E /* Products */;
			projectDirPath = "";
			projectRoot = "";
			targets = (
				CCE36EC4243E4DEC0057976E /* GradingSystem */,
			);
		};
/* End PBXProject section */

/* Begin PBXResourcesBuildPhase section */
		CCE36EC3243E4DEC0057976E /* Resources */ = {
			isa = PBXResourcesBuildPhase;
			buildActionMask = 2147483647;
			files = (
				CCE36ED5243E4DED0057976E /* LaunchScreen.storyboard in Resources */,
				CCE36ED2243E4DED0057976E /* Assets.xcassets in Resources */,
				CCE36ED0243E4DEC0057976E /* Main.storyboard in Resources */,
			);
			runOnlyForDeploymentPostprocessing = 0;
		};
/* End PBXResourcesBuildPhase section */

/* Begin PBXSourcesBuildPhase section */
		CCE36EC1243E4DEC0057976E /* Sources */ = {
			isa = PBXSourcesBuildPhase;
			buildActionMask = 2147483647;
			files = (
				CCE36ECD243E4DEC0057976E /* ViewController.swift in Sources */,
				CCE36EC9243E4DEC0057976E /* AppDelegate.swift in Sources */,
				CCE36ECB243E4DEC0057976E /* SceneDelegate.swift in Sources */,
			);
			runOnlyForDeploymentPostprocessing = 0;
		};
/* End PBXSourcesBuildPhase section */

/* Begin PBXVariantGroup section */
		CCE36ECE243E4DEC0057976E /* Main.storyboard */ = {
			isa = PBXVariantGroup;
			children = (
				CCE36ECF243E4DEC0057976E /* Base */,
			);
			name = Main.storyboard;
			sourceTree = "<group>";
		};
		CCE36ED3243E4DED0057976E /* LaunchScreen.storyboard */ = {
			isa = PBXVariantGroup;
			children = (
				CCE36ED4243E4DED0057976E /* Base */,
			);
			name = LaunchScreen.storyboard;
			sourceTree = "<group>";
		};
/* End PBXVariantGroup section */

/* Begin XCBuildConfiguration section */
		CCE36ED7243E4DED0057976E /* Debug */ = {
			isa = XCBuildConfiguration;
			buildSettings = {
				ALWAYS_SEARCH_USER_PATHS = NO;
				CLANG_ANALYZER_NONNULL = YES;
				CLANG_ANALYZER_NUMBER_OBJECT_CONVERSION = YES_AGGRESSIVE;
				CLANG_CXX_LANGUAGE_STANDARD = "gnu++14";
				CLANG_CXX_LIBRARY = "libc++";
				CLANG_ENABLE_MODULES = YES;
				CLANG_ENABLE_OBJC_ARC = YES;
				CLANG_ENABLE_OBJC_WEAK = YES;
				CLANG_WARN_BLOCK_CAPTURE_AUTORELEASING = YES;
				CLANG_WARN_BOOL_CONVERSION = YES;
				CLANG_WARN_COMMA = YES;
				CLANG_WARN_CONSTANT_CONVERSION = YES;
				CLANG_WARN_DEPRECATED_OBJC_IMPLEMENTATIONS = YES;
				CLANG_WARN_DIRECT_OBJC_ISA_USAGE = YES_ERROR;
				CLANG_WARN_DOCUMENTATION_COMMENTS = YES;
				CLANG_WARN_EMPTY_BODY = YES;
				CLANG_WARN_ENUM_CONVERSION = YES;
				CLANG_WARN_INFINITE_RECURSION = YES;
				CLANG_WARN_INT_CONVERSION = YES;
				CLANG_WARN_NON_LITERAL_NULL_CONVERSION = YES;
				CLANG_WARN_OBJC_IMPLICIT_RETAIN_SELF = YES;
				CLANG_WARN_OBJC_LITERAL_CONVERSION = YES;
				CLANG_WARN_OBJC_ROOT_CLASS = YES_ERROR;
				CLANG_WARN_RANGE_LOOP_ANALYSIS = YES;
				CLANG_WARN_STRICT_PROTOTYPES = YES;
				CLANG_WARN_SUSPICIOUS_MOVE = YES;
				CLANG_WARN_UNGUARDED_AVAILABILITY = YES_AGGRESSIVE;
				CLANG_WARN_UNREACHABLE_CODE = YES;
				CLANG_WARN__DUPLICATE_METHOD_MATCH = YES;
				COPY_PHASE_STRIP = NO;
				DEBUG_INFORMATION_FORMAT = dwarf;
				ENABLE_STRICT_OBJC_MSGSEND = YES;
				ENABLE_TESTABILITY = YES;
				GCC_C_LANGUAGE_STANDARD = gnu11;
				GCC_DYNAMIC_NO_PIC = NO;
				GCC_NO_COMMON_BLOCKS = YES;
				GCC_OPTIMIZATION_LEVEL = 0;
				GCC_PREPROCESSOR_DEFINITIONS = (
					"DEBUG=1",
					"$(inherited)",
				);
				GCC_WARN_64_TO_32_BIT_CONVERSION = YES;
				GCC_WARN_ABOUT_RETURN_TYPE = YES_ERROR;
				GCC_WARN_UNDECLARED_SELECTOR = YES;
				GCC_WARN_UNINITIALIZED_AUTOS = YES_AGGRESSIVE;
				GCC_WARN_UNUSED_FUNCTION = YES;
				GCC_WARN_UNUSED_VARIABLE = YES;
				IPHONEOS_DEPLOYMENT_TARGET = 13.4;
				MTL_ENABLE_DEBUG_INFO = INCLUDE_SOURCE;
				MTL_FAST_MATH = YES;
				ONLY_ACTIVE_ARCH = YES;
				SDKROOT = iphoneos;
				SWIFT_ACTIVE_COMPILATION_CONDITIONS = DEBUG;
				SWIFT_OPTIMIZATION_LEVEL = "-Onone";
			};
			name = Debug;
		};
		CCE36ED8243E4DED0057976E /* Release */ = {
			isa = XCBuildConfiguration;
			buildSettings = {
				ALWAYS_SEARCH_USER_PATHS = NO;
				CLANG_ANALYZER_NONNULL = YES;
				CLANG_ANALYZER_NUMBER_OBJECT_CONVERSION = YES_AGGRESSIVE;
				CLANG_CXX_LANGUAGE_STANDARD = "gnu++14";
				CLANG_CXX_LIBRARY = "libc++";
				CLANG_ENABLE_MODULES = YES;
				CLANG_ENABLE_OBJC_ARC = YES;
				CLANG_ENABLE_OBJC_WEAK = YES;
				CLANG_WARN_BLOCK_CAPTURE_AUTORELEASING = YES;
				CLANG_WARN_BOOL_CONVERSION = YES;
				CLANG_WARN_COMMA = YES;
				CLANG_WARN_CONSTANT_CONVERSION = YES;
				CLANG_WARN_DEPRECATED_OBJC_IMPLEMENTATIONS = YES;
				CLANG_WARN_DIRECT_OBJC_ISA_USAGE = YES_ERROR;
				CLANG_WARN_DOCUMENTATION_COMMENTS = YES;
				CLANG_WARN_EMPTY_BODY = YES;
				CLANG_WARN_ENUM_CONVERSION = YES;
				CLANG_WARN_INFINITE_RECURSION = YES;
				CLANG_WARN_INT_CONVERSION = YES;
				CLANG_WARN_NON_LITERAL_NULL_CONVERSION = YES;
				CLANG_WARN_OBJC_IMPLICIT_RETAIN_SELF = YES;
				CLANG_WARN_OBJC_LITERAL_CONVERSION = YES;
				CLANG_WARN_OBJC_ROOT_CLASS = YES_ERROR;
				CLANG_WARN_RANGE_LOOP_ANALYSIS = YES;
				CLANG_WARN_STRICT_PROTOTYPES = YES;
				CLANG_WARN_SUSPICIOUS_MOVE = YES;
				CLANG_WARN_UNGUARDED_AVAILABILITY = YES_AGGRESSIVE;
				CLANG_WARN_UNREACHABLE_CODE = YES;
				CLANG_WARN__DUPLICATE_METHOD_MATCH = YES;
				COPY_PHASE_STRIP = NO;
				DEBUG_INFORMATION_FORMAT = "dwarf-with-dsym";
				ENABLE_NS_ASSERTIONS = NO;
				ENABLE_STRICT_OBJC_MSGSEND = YES;
				GCC_C_LANGUAGE_STANDARD = gnu11;
				GCC_NO_COMMON_BLOCKS = YES;
				GCC_WARN_64_TO_32_BIT_CONVERSION = YES;
				GCC_WARN_ABOUT_RETURN_TYPE = YES_ERROR;
				GCC_WARN_UNDECLARED_SELECTOR = YES;
				GCC_WARN_UNINITIALIZED_AUTOS = YES_AGGRESSIVE;
				GCC_WARN_UNUSED_FUNCTION = YES;
				GCC_WARN_UNUSED_VARIABLE = YES;
				IPHONEOS_DEPLOYMENT_TARGET = 13.4;
				MTL_ENABLE_DEBUG_INFO = NO;
				MTL_FAST_MATH = YES;
				SDKROOT = iphoneos;
				SWIFT_COMPILATION_MODE = wholemodule;
				SWIFT_OPTIMIZATION_LEVEL = "-O";
				VALIDATE_PRODUCT = YES;
			};
			name = Release;
		};
		CCE36EDA243E4DED0057976E /* Debug */ = {
			isa = XCBuildConfiguration;
			buildSettings = {
				ASSETCATALOG_COMPILER_APPICON_NAME = AppIcon;
				CODE_SIGN_STYLE = Automatic;
				INFOPLIST_FILE = GradingSystem/Info.plist;
				LD_RUNPATH_SEARCH_PATHS = (
					"$(inherited)",
					"@executable_path/Frameworks",
				);
				PRODUCT_BUNDLE_IDENTIFIER = edu.cuny.bmcc.GradingSystem;
				PRODUCT_NAME = "$(TARGET_NAME)";
				SWIFT_VERSION = 5.0;
				TARGETED_DEVICE_FAMILY = "1,2";
			};
			name = Debug;
		};
		CCE36EDB243E4DED0057976E /* Release */ = {
			isa = XCBuildConfiguration;
			buildSettings = {
				ASSETCATALOG_COMPILER_APPICON_NAME = AppIcon;
				CODE_SIGN_STYLE = Automatic;
				INFOPLIST_FILE = GradingSystem/Info.plist;
				LD_RUNPATH_SEARCH_PATHS = (
					"$(inherited)",
					"@executable_path/Frameworks",
				);
				PRODUCT_BUNDLE_IDENTIFIER = edu.cuny.bmcc.GradingSystem;
				PRODUCT_NAME = "$(TARGET_NAME)";
				SWIFT_VERSION = 5.0;
				TARGETED_DEVICE_FAMILY = "1,2";
			};
			name = Release;
		};
/* End XCBuildConfiguration section */

/* Begin XCConfigurationList section */
		CCE36EC0243E4DEC0057976E /* Build configuration list for PBXProject "GradingSystem" */ = {
			isa = XCConfigurationList;
			buildConfigurations = (
				CCE36ED7243E4DED0057976E /* Debug */,
				CCE36ED8243E4DED0057976E /* Release */,
			);
			defaultConfigurationIsVisible = 0;
			defaultConfigurationName = Release;
		};
		CCE36ED9243E4DED0057976E /* Build configuration list for PBXNativeTarget "GradingSystem" */ = {
			isa = XCConfigurationList;
			buildConfigurations = (
				CCE36EDA243E4DED0057976E /* Debug */,
				CCE36EDB243E4DED0057976E /* Release */,
			);
			defaultConfigurationIsVisible = 0;
			defaultConfigurationName = Release;
		};
/* End XCConfigurationList section */
	};
	rootObject = CCE36EBD243E4DEC0057976E /* Project object */;
}
